// !$*UTF8*$!
{
	archiveVersion = 1;
	classes = {
	};
	objectVersion = 56;
	objects = {

/* Begin PBXBuildFile section */
		7C0645402BF7CA1D002C69B7 /* Player.swift in Sources */ = {isa = PBXBuildFile; fileRef = 7C06453F2BF7CA1D002C69B7 /* Player.swift */; };
		7C0645422BF7D34F002C69B7 /* Shelf.swift in Sources */ = {isa = PBXBuildFile; fileRef = 7C0645412BF7D34F002C69B7 /* Shelf.swift */; };
		7C0645462BF7D444002C69B7 /* ItemModel.swift in Sources */ = {isa = PBXBuildFile; fileRef = 7C0645452BF7D444002C69B7 /* ItemModel.swift */; };
		7C0645492BF7D56E002C69B7 /* CarrierModel.swift in Sources */ = {isa = PBXBuildFile; fileRef = 7C0645482BF7D56E002C69B7 /* CarrierModel.swift */; };
		7C06454B2BF7D686002C69B7 /* SampleCarrier.swift in Sources */ = {isa = PBXBuildFile; fileRef = 7C06454A2BF7D686002C69B7 /* SampleCarrier.swift */; };
		7C06454F2BF7D7D2002C69B7 /* SampleItem.swift in Sources */ = {isa = PBXBuildFile; fileRef = 7C06454E2BF7D7D2002C69B7 /* SampleItem.swift */; };
		7C0645522BF7DAF4002C69B7 /* Sidebar.swift in Sources */ = {isa = PBXBuildFile; fileRef = 7C0645512BF7DAF4002C69B7 /* Sidebar.swift */; };
		7C0645542BF7DB19002C69B7 /* Content.swift in Sources */ = {isa = PBXBuildFile; fileRef = 7C0645532BF7DB19002C69B7 /* Content.swift */; };
		7C0645562BF7DB20002C69B7 /* Detail.swift in Sources */ = {isa = PBXBuildFile; fileRef = 7C0645552BF7DB20002C69B7 /* Detail.swift */; };
		7C1D367A2BFE292800090326 /* Model3DToolbarItemGroup.swift in Sources */ = {isa = PBXBuildFile; fileRef = 7C1D36792BFE292800090326 /* Model3DToolbarItemGroup.swift */; };
		7C1D367C2BFE2C2E00090326 /* Expand.swift in Sources */ = {isa = PBXBuildFile; fileRef = 7C1D367B2BFE2C2E00090326 /* Expand.swift */; };
		7C1D367E2BFF6D8E00090326 /* LongPressDrag.swift in Sources */ = {isa = PBXBuildFile; fileRef = 7C1D367D2BFF6D8E00090326 /* LongPressDrag.swift */; };
		7C2F24682BF8086D00CF6149 /* Toggle.swift in Sources */ = {isa = PBXBuildFile; fileRef = 7C2F24672BF8086D00CF6149 /* Toggle.swift */; };
		7C79C8F02BF81F7600213A5E /* VideoPlayer.swift in Sources */ = {isa = PBXBuildFile; fileRef = 7C79C8EF2BF81F7600213A5E /* VideoPlayer.swift */; };
		7C79C8F22BF825B200213A5E /* Lebron_dunk.mp4 in Resources */ = {isa = PBXBuildFile; fileRef = 7C79C8F12BF825B200213A5E /* Lebron_dunk.mp4 */; };
		7C79C8F42BF8FDE600213A5E /* Manage.swift in Sources */ = {isa = PBXBuildFile; fileRef = 7C79C8F32BF8FDE600213A5E /* Manage.swift */; };
		7C7DE94A2BFBB8FF00FABAB1 /* AirForce.usdz in Resources */ = {isa = PBXBuildFile; fileRef = 7C7DE9492BFBB8FF00FABAB1 /* AirForce.usdz */; };
		7C7DE94C2BFBB90D00FABAB1 /* PegasusTrail.usdz in Resources */ = {isa = PBXBuildFile; fileRef = 7C7DE94B2BFBB90D00FABAB1 /* PegasusTrail.usdz */; };
		7C7DE9502BFBC1FF00FABAB1 /* Model3D.swift in Sources */ = {isa = PBXBuildFile; fileRef = 7C7DE94F2BFBC1FF00FABAB1 /* Model3D.swift */; };
		7C7DE9522BFBC58700FABAB1 /* Model3DWithToolbar.swift in Sources */ = {isa = PBXBuildFile; fileRef = 7C7DE9512BFBC58700FABAB1 /* Model3DWithToolbar.swift */; };
		7C7DE95A2BFC01EE00FABAB1 /* VolumeItem.swift in Sources */ = {isa = PBXBuildFile; fileRef = 7C7DE9592BFC01EE00FABAB1 /* VolumeItem.swift */; };
		7C7DE9622BFD6A1800FABAB1 /* DragRotation.swift in Sources */ = {isa = PBXBuildFile; fileRef = 7C7DE95E2BFD6A1800FABAB1 /* DragRotation.swift */; };
		7C7DE9722BFD87A800FABAB1 /* ConditionalRotate.swift in Sources */ = {isa = PBXBuildFile; fileRef = 7C7DE9712BFD87A800FABAB1 /* ConditionalRotate.swift */; };
		7C7DE9742BFD884200FABAB1 /* SplitView.swift in Sources */ = {isa = PBXBuildFile; fileRef = 7C7DE9732BFD884200FABAB1 /* SplitView.swift */; };
		7CEE0D082BF3E60500546D89 /* RealityKitContent in Frameworks */ = {isa = PBXBuildFile; productRef = 7CEE0D072BF3E60500546D89 /* RealityKitContent */; };
		7CEE0D0A2BF3E60500546D89 /* my_first_appApp.swift in Sources */ = {isa = PBXBuildFile; fileRef = 7CEE0D092BF3E60500546D89 /* my_first_appApp.swift */; };
		7CEE0D0E2BF3E60600546D89 /* Assets.xcassets in Resources */ = {isa = PBXBuildFile; fileRef = 7CEE0D0D2BF3E60600546D89 /* Assets.xcassets */; };
		7CEE0D112BF3E60600546D89 /* Preview Assets.xcassets in Resources */ = {isa = PBXBuildFile; fileRef = 7CEE0D102BF3E60600546D89 /* Preview Assets.xcassets */; };
		7CEE0D1C2BF3E60600546D89 /* my_first_appTests.swift in Sources */ = {isa = PBXBuildFile; fileRef = 7CEE0D1B2BF3E60600546D89 /* my_first_appTests.swift */; };
		7CF604992BFAB89300D6199A /* Item.swift in Sources */ = {isa = PBXBuildFile; fileRef = 7CF604982BFAB89300D6199A /* Item.swift */; };
/* End PBXBuildFile section */

/* Begin PBXContainerItemProxy section */
		7CEE0D182BF3E60600546D89 /* PBXContainerItemProxy */ = {
			isa = PBXContainerItemProxy;
			containerPortal = 7CEE0CFA2BF3E60500546D89 /* Project object */;
			proxyType = 1;
			remoteGlobalIDString = 7CEE0D012BF3E60500546D89;
			remoteInfo = "my-first-app";
		};
/* End PBXContainerItemProxy section */

/* Begin PBXFileReference section */
		7C06453F2BF7CA1D002C69B7 /* Player.swift */ = {isa = PBXFileReference; lastKnownFileType = sourcecode.swift; path = Player.swift; sourceTree = "<group>"; };
		7C0645412BF7D34F002C69B7 /* Shelf.swift */ = {isa = PBXFileReference; lastKnownFileType = sourcecode.swift; path = Shelf.swift; sourceTree = "<group>"; };
		7C0645452BF7D444002C69B7 /* ItemModel.swift */ = {isa = PBXFileReference; lastKnownFileType = sourcecode.swift; path = ItemModel.swift; sourceTree = "<group>"; };
		7C0645482BF7D56E002C69B7 /* CarrierModel.swift */ = {isa = PBXFileReference; lastKnownFileType = sourcecode.swift; path = CarrierModel.swift; sourceTree = "<group>"; };
		7C06454A2BF7D686002C69B7 /* SampleCarrier.swift */ = {isa = PBXFileReference; lastKnownFileType = sourcecode.swift; path = SampleCarrier.swift; sourceTree = "<group>"; };
		7C06454E2BF7D7D2002C69B7 /* SampleItem.swift */ = {isa = PBXFileReference; lastKnownFileType = sourcecode.swift; path = SampleItem.swift; sourceTree = "<group>"; };
		7C0645512BF7DAF4002C69B7 /* Sidebar.swift */ = {isa = PBXFileReference; lastKnownFileType = sourcecode.swift; path = Sidebar.swift; sourceTree = "<group>"; };
		7C0645532BF7DB19002C69B7 /* Content.swift */ = {isa = PBXFileReference; lastKnownFileType = sourcecode.swift; path = Content.swift; sourceTree = "<group>"; };
		7C0645552BF7DB20002C69B7 /* Detail.swift */ = {isa = PBXFileReference; lastKnownFileType = sourcecode.swift; path = Detail.swift; sourceTree = "<group>"; };
		7C1D36792BFE292800090326 /* Model3DToolbarItemGroup.swift */ = {isa = PBXFileReference; lastKnownFileType = sourcecode.swift; path = Model3DToolbarItemGroup.swift; sourceTree = "<group>"; };
		7C1D367B2BFE2C2E00090326 /* Expand.swift */ = {isa = PBXFileReference; lastKnownFileType = sourcecode.swift; path = Expand.swift; sourceTree = "<group>"; };
		7C1D367D2BFF6D8E00090326 /* LongPressDrag.swift */ = {isa = PBXFileReference; lastKnownFileType = sourcecode.swift; path = LongPressDrag.swift; sourceTree = "<group>"; };
		7C2F24672BF8086D00CF6149 /* Toggle.swift */ = {isa = PBXFileReference; lastKnownFileType = sourcecode.swift; path = Toggle.swift; sourceTree = "<group>"; };
		7C79C8EF2BF81F7600213A5E /* VideoPlayer.swift */ = {isa = PBXFileReference; lastKnownFileType = sourcecode.swift; path = VideoPlayer.swift; sourceTree = "<group>"; };
		7C79C8F12BF825B200213A5E /* Lebron_dunk.mp4 */ = {isa = PBXFileReference; lastKnownFileType = file; path = Lebron_dunk.mp4; sourceTree = "<group>"; };
		7C79C8F32BF8FDE600213A5E /* Manage.swift */ = {isa = PBXFileReference; lastKnownFileType = sourcecode.swift; path = Manage.swift; sourceTree = "<group>"; };
		7C7DE9492BFBB8FF00FABAB1 /* AirForce.usdz */ = {isa = PBXFileReference; lastKnownFileType = file.usdz; name = AirForce.usdz; path = "../../../../reality/my-first-app/Sources/my-first-app/my-first-app.rkassets/scenes/AirForce.usdz"; sourceTree = "<group>"; };
		7C7DE94B2BFBB90D00FABAB1 /* PegasusTrail.usdz */ = {isa = PBXFileReference; lastKnownFileType = file.usdz; name = PegasusTrail.usdz; path = ../../../../../../Downloads/PegasusTrail.usdz; sourceTree = "<group>"; };
		7C7DE94F2BFBC1FF00FABAB1 /* Model3D.swift */ = {isa = PBXFileReference; lastKnownFileType = sourcecode.swift; path = Model3D.swift; sourceTree = "<group>"; };
		7C7DE9512BFBC58700FABAB1 /* Model3DWithToolbar.swift */ = {isa = PBXFileReference; lastKnownFileType = sourcecode.swift; path = Model3DWithToolbar.swift; sourceTree = "<group>"; };
		7C7DE9592BFC01EE00FABAB1 /* VolumeItem.swift */ = {isa = PBXFileReference; lastKnownFileType = sourcecode.swift; path = VolumeItem.swift; sourceTree = "<group>"; };
		7C7DE95E2BFD6A1800FABAB1 /* DragRotation.swift */ = {isa = PBXFileReference; fileEncoding = 4; lastKnownFileType = sourcecode.swift; path = DragRotation.swift; sourceTree = "<group>"; };
		7C7DE9712BFD87A800FABAB1 /* ConditionalRotate.swift */ = {isa = PBXFileReference; lastKnownFileType = sourcecode.swift; path = ConditionalRotate.swift; sourceTree = "<group>"; };
		7C7DE9732BFD884200FABAB1 /* SplitView.swift */ = {isa = PBXFileReference; lastKnownFileType = sourcecode.swift; path = SplitView.swift; sourceTree = "<group>"; };
		7CEE0D022BF3E60500546D89 /* my-first-app.app */ = {isa = PBXFileReference; explicitFileType = wrapper.application; includeInIndex = 0; path = "my-first-app.app"; sourceTree = BUILT_PRODUCTS_DIR; };
		7CEE0D062BF3E60500546D89 /* RealityKitContent */ = {isa = PBXFileReference; lastKnownFileType = wrapper; path = RealityKitContent; sourceTree = "<group>"; };
		7CEE0D092BF3E60500546D89 /* my_first_appApp.swift */ = {isa = PBXFileReference; lastKnownFileType = sourcecode.swift; path = my_first_appApp.swift; sourceTree = "<group>"; };
		7CEE0D0D2BF3E60600546D89 /* Assets.xcassets */ = {isa = PBXFileReference; lastKnownFileType = folder.assetcatalog; path = Assets.xcassets; sourceTree = "<group>"; };
		7CEE0D102BF3E60600546D89 /* Preview Assets.xcassets */ = {isa = PBXFileReference; lastKnownFileType = folder.assetcatalog; path = "Preview Assets.xcassets"; sourceTree = "<group>"; };
		7CEE0D122BF3E60600546D89 /* Info.plist */ = {isa = PBXFileReference; lastKnownFileType = text.plist.xml; path = Info.plist; sourceTree = "<group>"; };
		7CEE0D172BF3E60600546D89 /* my-first-appTests.xctest */ = {isa = PBXFileReference; explicitFileType = wrapper.cfbundle; includeInIndex = 0; path = "my-first-appTests.xctest"; sourceTree = BUILT_PRODUCTS_DIR; };
		7CEE0D1B2BF3E60600546D89 /* my_first_appTests.swift */ = {isa = PBXFileReference; lastKnownFileType = sourcecode.swift; path = my_first_appTests.swift; sourceTree = "<group>"; };
		7CF604982BFAB89300D6199A /* Item.swift */ = {isa = PBXFileReference; lastKnownFileType = sourcecode.swift; path = Item.swift; sourceTree = "<group>"; };
/* End PBXFileReference section */

/* Begin PBXFrameworksBuildPhase section */
		7CEE0CFF2BF3E60500546D89 /* Frameworks */ = {
			isa = PBXFrameworksBuildPhase;
			buildActionMask = 2147483647;
			files = (
				7CEE0D082BF3E60500546D89 /* RealityKitContent in Frameworks */,
			);
			runOnlyForDeploymentPostprocessing = 0;
		};
		7CEE0D142BF3E60600546D89 /* Frameworks */ = {
			isa = PBXFrameworksBuildPhase;
			buildActionMask = 2147483647;
			files = (
			);
			runOnlyForDeploymentPostprocessing = 0;
		};
/* End PBXFrameworksBuildPhase section */

/* Begin PBXGroup section */
		7C0645432BF7D407002C69B7 /* Model */ = {
			isa = PBXGroup;
			children = (
				7C0645472BF7D4E2002C69B7 /* Carrier */,
				7C0645442BF7D42C002C69B7 /* Item */,
			);
			path = Model;
			sourceTree = "<group>";
		};
		7C0645442BF7D42C002C69B7 /* Item */ = {
			isa = PBXGroup;
			children = (
				7C06454D2BF7D79D002C69B7 /* Example */,
				7C0645452BF7D444002C69B7 /* ItemModel.swift */,
			);
			path = Item;
			sourceTree = "<group>";
		};
		7C0645472BF7D4E2002C69B7 /* Carrier */ = {
			isa = PBXGroup;
			children = (
				7C06454C2BF7D68E002C69B7 /* Example */,
				7C0645482BF7D56E002C69B7 /* CarrierModel.swift */,
			);
			path = Carrier;
			sourceTree = "<group>";
		};
		7C06454C2BF7D68E002C69B7 /* Example */ = {
			isa = PBXGroup;
			children = (
				7C06454A2BF7D686002C69B7 /* SampleCarrier.swift */,
			);
			path = Example;
			sourceTree = "<group>";
		};
		7C06454D2BF7D79D002C69B7 /* Example */ = {
			isa = PBXGroup;
			children = (
				7C06454E2BF7D7D2002C69B7 /* SampleItem.swift */,
			);
			path = Example;
			sourceTree = "<group>";
		};
		7C0645502BF7DACA002C69B7 /* SplitView */ = {
			isa = PBXGroup;
			children = (
				7C0645512BF7DAF4002C69B7 /* Sidebar.swift */,
				7C0645532BF7DB19002C69B7 /* Content.swift */,
				7C0645552BF7DB20002C69B7 /* Detail.swift */,
				7C7DE9732BFD884200FABAB1 /* SplitView.swift */,
			);
			path = SplitView;
			sourceTree = "<group>";
		};
		7C2F24662BF8084700CF6149 /* Buttons */ = {
			isa = PBXGroup;
			children = (
				7C2F24672BF8086D00CF6149 /* Toggle.swift */,
				7C79C8F32BF8FDE600213A5E /* Manage.swift */,
				7C1D367B2BFE2C2E00090326 /* Expand.swift */,
			);
			path = Buttons;
			sourceTree = "<group>";
		};
		7C7DE94E2BFBC1A200FABAB1 /* Model3D */ = {
			isa = PBXGroup;
			children = (
				7C7DE9512BFBC58700FABAB1 /* Model3DWithToolbar.swift */,
				7C1D36792BFE292800090326 /* Model3DToolbarItemGroup.swift */,
				7C7DE94F2BFBC1FF00FABAB1 /* Model3D.swift */,
			);
			path = Model3D;
			sourceTree = "<group>";
		};
		7C7DE9612BFD6A1800FABAB1 /* Modifiers */ = {
			isa = PBXGroup;
			children = (
				7C7DE95E2BFD6A1800FABAB1 /* DragRotation.swift */,
				7C7DE9712BFD87A800FABAB1 /* ConditionalRotate.swift */,
				7C1D367D2BFF6D8E00090326 /* LongPressDrag.swift */,
			);
			name = Modifiers;
			path = ../../../../../Downloads/HelloWorld/World/Modifiers;
			sourceTree = "<group>";
		};
		7CD1E4782BF7906D003F056A /* View */ = {
			isa = PBXGroup;
			children = (
				7C7DE9612BFD6A1800FABAB1 /* Modifiers */,
				7CF604962BFAB82000D6199A /* Item */,
				7C2F24662BF8084700CF6149 /* Buttons */,
				7CD1E47A2BF791D9003F056A /* Shelf */,
				7CD1E4792BF790FA003F056A /* Player */,
			);
			path = View;
			sourceTree = "<group>";
		};
		7CD1E4792BF790FA003F056A /* Player */ = {
			isa = PBXGroup;
			children = (
				7C79C8EF2BF81F7600213A5E /* VideoPlayer.swift */,
				7C06453F2BF7CA1D002C69B7 /* Player.swift */,
			);
			path = Player;
			sourceTree = "<group>";
		};
		7CD1E47A2BF791D9003F056A /* Shelf */ = {
			isa = PBXGroup;
			children = (
				7C0645502BF7DACA002C69B7 /* SplitView */,
				7C0645412BF7D34F002C69B7 /* Shelf.swift */,
			);
			path = Shelf;
			sourceTree = "<group>";
		};
		7CEE0CF92BF3E60500546D89 = {
			isa = PBXGroup;
			children = (
				7CEE0D042BF3E60500546D89 /* my-first-app */,
				7CEE0D052BF3E60500546D89 /* Packages */,
				7CEE0D1A2BF3E60600546D89 /* my-first-appTests */,
				7CEE0D032BF3E60500546D89 /* Products */,
			);
			sourceTree = "<group>";
		};
		7CEE0D032BF3E60500546D89 /* Products */ = {
			isa = PBXGroup;
			children = (
				7CEE0D022BF3E60500546D89 /* my-first-app.app */,
				7CEE0D172BF3E60600546D89 /* my-first-appTests.xctest */,
			);
			name = Products;
			sourceTree = "<group>";
		};
		7CEE0D042BF3E60500546D89 /* my-first-app */ = {
			isa = PBXGroup;
			children = (
				7CF604912BFAA75500D6199A /* Assets */,
				7C0645432BF7D407002C69B7 /* Model */,
				7CD1E4782BF7906D003F056A /* View */,
				7CEE0D092BF3E60500546D89 /* my_first_appApp.swift */,
				7CEE0D122BF3E60600546D89 /* Info.plist */,
				7CEE0D0F2BF3E60600546D89 /* Preview Content */,
			);
			path = "my-first-app";
			sourceTree = "<group>";
		};
		7CEE0D052BF3E60500546D89 /* Packages */ = {
			isa = PBXGroup;
			children = (
				7CEE0D062BF3E60500546D89 /* RealityKitContent */,
			);
			path = Packages;
			sourceTree = "<group>";
		};
		7CEE0D0F2BF3E60600546D89 /* Preview Content */ = {
			isa = PBXGroup;
			children = (
				7CEE0D102BF3E60600546D89 /* Preview Assets.xcassets */,
			);
			path = "Preview Content";
			sourceTree = "<group>";
		};
		7CEE0D1A2BF3E60600546D89 /* my-first-appTests */ = {
			isa = PBXGroup;
			children = (
				7CEE0D1B2BF3E60600546D89 /* my_first_appTests.swift */,
			);
			path = "my-first-appTests";
			sourceTree = "<group>";
		};
		7CF604912BFAA75500D6199A /* Assets */ = {
			isa = PBXGroup;
			children = (
				7CF604932BFAA77700D6199A /* 3D */,
				7CF604922BFAA76D00D6199A /* Video */,
				7CEE0D0D2BF3E60600546D89 /* Assets.xcassets */,
			);
			path = Assets;
			sourceTree = "<group>";
		};
		7CF604922BFAA76D00D6199A /* Video */ = {
			isa = PBXGroup;
			children = (
				7C79C8F12BF825B200213A5E /* Lebron_dunk.mp4 */,
			);
			path = Video;
			sourceTree = "<group>";
		};
		7CF604932BFAA77700D6199A /* 3D */ = {
			isa = PBXGroup;
			children = (
				7C7DE94B2BFBB90D00FABAB1 /* PegasusTrail.usdz */,
				7C7DE9492BFBB8FF00FABAB1 /* AirForce.usdz */,
			);
			path = 3D;
			sourceTree = "<group>";
		};
		7CF604962BFAB82000D6199A /* Item */ = {
			isa = PBXGroup;
			children = (
				7C7DE94E2BFBC1A200FABAB1 /* Model3D */,
				7C7DE9592BFC01EE00FABAB1 /* VolumeItem.swift */,
				7CF604982BFAB89300D6199A /* Item.swift */,
			);
			path = Item;
			sourceTree = "<group>";
		};
/* End PBXGroup section */

/* Begin PBXNativeTarget section */
		7CEE0D012BF3E60500546D89 /* my-first-app */ = {
			isa = PBXNativeTarget;
			buildConfigurationList = 7CEE0D1F2BF3E60600546D89 /* Build configuration list for PBXNativeTarget "my-first-app" */;
			buildPhases = (
				7CEE0CFE2BF3E60500546D89 /* Sources */,
				7CEE0CFF2BF3E60500546D89 /* Frameworks */,
				7CEE0D002BF3E60500546D89 /* Resources */,
			);
			buildRules = (
			);
			dependencies = (
			);
			name = "my-first-app";
			packageProductDependencies = (
				7CEE0D072BF3E60500546D89 /* RealityKitContent */,
			);
			productName = "my-first-app";
			productReference = 7CEE0D022BF3E60500546D89 /* my-first-app.app */;
			productType = "com.apple.product-type.application";
		};
		7CEE0D162BF3E60600546D89 /* my-first-appTests */ = {
			isa = PBXNativeTarget;
			buildConfigurationList = 7CEE0D222BF3E60600546D89 /* Build configuration list for PBXNativeTarget "my-first-appTests" */;
			buildPhases = (
				7CEE0D132BF3E60600546D89 /* Sources */,
				7CEE0D142BF3E60600546D89 /* Frameworks */,
				7CEE0D152BF3E60600546D89 /* Resources */,
			);
			buildRules = (
			);
			dependencies = (
				7CEE0D192BF3E60600546D89 /* PBXTargetDependency */,
			);
			name = "my-first-appTests";
			productName = "my-first-appTests";
			productReference = 7CEE0D172BF3E60600546D89 /* my-first-appTests.xctest */;
			productType = "com.apple.product-type.bundle.unit-test";
		};
/* End PBXNativeTarget section */

/* Begin PBXProject section */
		7CEE0CFA2BF3E60500546D89 /* Project object */ = {
			isa = PBXProject;
			attributes = {
				BuildIndependentTargetsInParallel = 1;
				LastSwiftUpdateCheck = 1540;
				LastUpgradeCheck = 1540;
				TargetAttributes = {
					7CEE0D012BF3E60500546D89 = {
						CreatedOnToolsVersion = 15.4;
					};
					7CEE0D162BF3E60600546D89 = {
						CreatedOnToolsVersion = 15.4;
						TestTargetID = 7CEE0D012BF3E60500546D89;
					};
				};
			};
			buildConfigurationList = 7CEE0CFD2BF3E60500546D89 /* Build configuration list for PBXProject "my-first-app" */;
			compatibilityVersion = "Xcode 14.0";
			developmentRegion = en;
			hasScannedForEncodings = 0;
			knownRegions = (
				en,
				Base,
			);
			mainGroup = 7CEE0CF92BF3E60500546D89;
			productRefGroup = 7CEE0D032BF3E60500546D89 /* Products */;
			projectDirPath = "";
			projectRoot = "";
			targets = (
				7CEE0D012BF3E60500546D89 /* my-first-app */,
				7CEE0D162BF3E60600546D89 /* my-first-appTests */,
			);
		};
/* End PBXProject section */

/* Begin PBXResourcesBuildPhase section */
		7CEE0D002BF3E60500546D89 /* Resources */ = {
			isa = PBXResourcesBuildPhase;
			buildActionMask = 2147483647;
			files = (
				7C7DE94A2BFBB8FF00FABAB1 /* AirForce.usdz in Resources */,
				7CEE0D112BF3E60600546D89 /* Preview Assets.xcassets in Resources */,
				7C7DE94C2BFBB90D00FABAB1 /* PegasusTrail.usdz in Resources */,
				7CEE0D0E2BF3E60600546D89 /* Assets.xcassets in Resources */,
				7C79C8F22BF825B200213A5E /* Lebron_dunk.mp4 in Resources */,
			);
			runOnlyForDeploymentPostprocessing = 0;
		};
		7CEE0D152BF3E60600546D89 /* Resources */ = {
			isa = PBXResourcesBuildPhase;
			buildActionMask = 2147483647;
			files = (
			);
			runOnlyForDeploymentPostprocessing = 0;
		};
/* End PBXResourcesBuildPhase section */

/* Begin PBXSourcesBuildPhase section */
		7CEE0CFE2BF3E60500546D89 /* Sources */ = {
			isa = PBXSourcesBuildPhase;
			buildActionMask = 2147483647;
			files = (
				7C7DE9502BFBC1FF00FABAB1 /* Model3D.swift in Sources */,
				7C0645462BF7D444002C69B7 /* ItemModel.swift in Sources */,
				7C0645422BF7D34F002C69B7 /* Shelf.swift in Sources */,
				7C7DE9622BFD6A1800FABAB1 /* DragRotation.swift in Sources */,
				7C7DE9522BFBC58700FABAB1 /* Model3DWithToolbar.swift in Sources */,
				7C1D367C2BFE2C2E00090326 /* Expand.swift in Sources */,
				7C7DE9742BFD884200FABAB1 /* SplitView.swift in Sources */,
				7C79C8F02BF81F7600213A5E /* VideoPlayer.swift in Sources */,
				7C0645542BF7DB19002C69B7 /* Content.swift in Sources */,
				7C0645402BF7CA1D002C69B7 /* Player.swift in Sources */,
				7C1D367E2BFF6D8E00090326 /* LongPressDrag.swift in Sources */,
				7C7DE9722BFD87A800FABAB1 /* ConditionalRotate.swift in Sources */,
				7C79C8F42BF8FDE600213A5E /* Manage.swift in Sources */,
				7C2F24682BF8086D00CF6149 /* Toggle.swift in Sources */,
				7C1D367A2BFE292800090326 /* Model3DToolbarItemGroup.swift in Sources */,
				7C06454F2BF7D7D2002C69B7 /* SampleItem.swift in Sources */,
				7C06454B2BF7D686002C69B7 /* SampleCarrier.swift in Sources */,
				7CF604992BFAB89300D6199A /* Item.swift in Sources */,
				7C0645492BF7D56E002C69B7 /* CarrierModel.swift in Sources */,
				7C0645522BF7DAF4002C69B7 /* Sidebar.swift in Sources */,
				7C0645562BF7DB20002C69B7 /* Detail.swift in Sources */,
				7C7DE95A2BFC01EE00FABAB1 /* VolumeItem.swift in Sources */,
				7CEE0D0A2BF3E60500546D89 /* my_first_appApp.swift in Sources */,
			);
			runOnlyForDeploymentPostprocessing = 0;
		};
		7CEE0D132BF3E60600546D89 /* Sources */ = {
			isa = PBXSourcesBuildPhase;
			buildActionMask = 2147483647;
			files = (
				7CEE0D1C2BF3E60600546D89 /* my_first_appTests.swift in Sources */,
			);
			runOnlyForDeploymentPostprocessing = 0;
		};
/* End PBXSourcesBuildPhase section */

/* Begin PBXTargetDependency section */
		7CEE0D192BF3E60600546D89 /* PBXTargetDependency */ = {
			isa = PBXTargetDependency;
			target = 7CEE0D012BF3E60500546D89 /* my-first-app */;
			targetProxy = 7CEE0D182BF3E60600546D89 /* PBXContainerItemProxy */;
		};
/* End PBXTargetDependency section */

/* Begin XCBuildConfiguration section */
		7CEE0D1D2BF3E60600546D89 /* Debug */ = {
			isa = XCBuildConfiguration;
			buildSettings = {
				ALWAYS_SEARCH_USER_PATHS = NO;
				ASSETCATALOG_COMPILER_GENERATE_SWIFT_ASSET_SYMBOL_EXTENSIONS = YES;
				CLANG_ANALYZER_NONNULL = YES;
				CLANG_ANALYZER_NUMBER_OBJECT_CONVERSION = YES_AGGRESSIVE;
				CLANG_CXX_LANGUAGE_STANDARD = "gnu++20";
				CLANG_ENABLE_MODULES = YES;
				CLANG_ENABLE_OBJC_ARC = YES;
				CLANG_ENABLE_OBJC_WEAK = YES;
				CLANG_WARN_BLOCK_CAPTURE_AUTORELEASING = YES;
				CLANG_WARN_BOOL_CONVERSION = YES;
				CLANG_WARN_COMMA = YES;
				CLANG_WARN_CONSTANT_CONVERSION = YES;
				CLANG_WARN_DEPRECATED_OBJC_IMPLEMENTATIONS = YES;
				CLANG_WARN_DIRECT_OBJC_ISA_USAGE = YES_ERROR;
				CLANG_WARN_DOCUMENTATION_COMMENTS = YES;
				CLANG_WARN_EMPTY_BODY = YES;
				CLANG_WARN_ENUM_CONVERSION = YES;
				CLANG_WARN_INFINITE_RECURSION = YES;
				CLANG_WARN_INT_CONVERSION = YES;
				CLANG_WARN_NON_LITERAL_NULL_CONVERSION = YES;
				CLANG_WARN_OBJC_IMPLICIT_RETAIN_SELF = YES;
				CLANG_WARN_OBJC_LITERAL_CONVERSION = YES;
				CLANG_WARN_OBJC_ROOT_CLASS = YES_ERROR;
				CLANG_WARN_QUOTED_INCLUDE_IN_FRAMEWORK_HEADER = YES;
				CLANG_WARN_RANGE_LOOP_ANALYSIS = YES;
				CLANG_WARN_STRICT_PROTOTYPES = YES;
				CLANG_WARN_SUSPICIOUS_MOVE = YES;
				CLANG_WARN_UNGUARDED_AVAILABILITY = YES_AGGRESSIVE;
				CLANG_WARN_UNREACHABLE_CODE = YES;
				CLANG_WARN__DUPLICATE_METHOD_MATCH = YES;
				COPY_PHASE_STRIP = NO;
				DEBUG_INFORMATION_FORMAT = dwarf;
				ENABLE_STRICT_OBJC_MSGSEND = YES;
				ENABLE_TESTABILITY = YES;
				ENABLE_USER_SCRIPT_SANDBOXING = YES;
				GCC_C_LANGUAGE_STANDARD = gnu17;
				GCC_DYNAMIC_NO_PIC = NO;
				GCC_NO_COMMON_BLOCKS = YES;
				GCC_OPTIMIZATION_LEVEL = 0;
				GCC_PREPROCESSOR_DEFINITIONS = (
					"DEBUG=1",
					"$(inherited)",
				);
				GCC_WARN_64_TO_32_BIT_CONVERSION = YES;
				GCC_WARN_ABOUT_RETURN_TYPE = YES_ERROR;
				GCC_WARN_UNDECLARED_SELECTOR = YES;
				GCC_WARN_UNINITIALIZED_AUTOS = YES_AGGRESSIVE;
				GCC_WARN_UNUSED_FUNCTION = YES;
				GCC_WARN_UNUSED_VARIABLE = YES;
				LOCALIZATION_PREFERS_STRING_CATALOGS = YES;
				MTL_ENABLE_DEBUG_INFO = INCLUDE_SOURCE;
				MTL_FAST_MATH = YES;
				ONLY_ACTIVE_ARCH = YES;
				SDKROOT = xros;
				SWIFT_ACTIVE_COMPILATION_CONDITIONS = "DEBUG $(inherited)";
				SWIFT_OPTIMIZATION_LEVEL = "-Onone";
				XROS_DEPLOYMENT_TARGET = 1.2;
			};
			name = Debug;
		};
		7CEE0D1E2BF3E60600546D89 /* Release */ = {
			isa = XCBuildConfiguration;
			buildSettings = {
				ALWAYS_SEARCH_USER_PATHS = NO;
				ASSETCATALOG_COMPILER_GENERATE_SWIFT_ASSET_SYMBOL_EXTENSIONS = YES;
				CLANG_ANALYZER_NONNULL = YES;
				CLANG_ANALYZER_NUMBER_OBJECT_CONVERSION = YES_AGGRESSIVE;
				CLANG_CXX_LANGUAGE_STANDARD = "gnu++20";
				CLANG_ENABLE_MODULES = YES;
				CLANG_ENABLE_OBJC_ARC = YES;
				CLANG_ENABLE_OBJC_WEAK = YES;
				CLANG_WARN_BLOCK_CAPTURE_AUTORELEASING = YES;
				CLANG_WARN_BOOL_CONVERSION = YES;
				CLANG_WARN_COMMA = YES;
				CLANG_WARN_CONSTANT_CONVERSION = YES;
				CLANG_WARN_DEPRECATED_OBJC_IMPLEMENTATIONS = YES;
				CLANG_WARN_DIRECT_OBJC_ISA_USAGE = YES_ERROR;
				CLANG_WARN_DOCUMENTATION_COMMENTS = YES;
				CLANG_WARN_EMPTY_BODY = YES;
				CLANG_WARN_ENUM_CONVERSION = YES;
				CLANG_WARN_INFINITE_RECURSION = YES;
				CLANG_WARN_INT_CONVERSION = YES;
				CLANG_WARN_NON_LITERAL_NULL_CONVERSION = YES;
				CLANG_WARN_OBJC_IMPLICIT_RETAIN_SELF = YES;
				CLANG_WARN_OBJC_LITERAL_CONVERSION = YES;
				CLANG_WARN_OBJC_ROOT_CLASS = YES_ERROR;
				CLANG_WARN_QUOTED_INCLUDE_IN_FRAMEWORK_HEADER = YES;
				CLANG_WARN_RANGE_LOOP_ANALYSIS = YES;
				CLANG_WARN_STRICT_PROTOTYPES = YES;
				CLANG_WARN_SUSPICIOUS_MOVE = YES;
				CLANG_WARN_UNGUARDED_AVAILABILITY = YES_AGGRESSIVE;
				CLANG_WARN_UNREACHABLE_CODE = YES;
				CLANG_WARN__DUPLICATE_METHOD_MATCH = YES;
				COPY_PHASE_STRIP = NO;
				DEBUG_INFORMATION_FORMAT = "dwarf-with-dsym";
				ENABLE_NS_ASSERTIONS = NO;
				ENABLE_STRICT_OBJC_MSGSEND = YES;
				ENABLE_USER_SCRIPT_SANDBOXING = YES;
				GCC_C_LANGUAGE_STANDARD = gnu17;
				GCC_NO_COMMON_BLOCKS = YES;
				GCC_WARN_64_TO_32_BIT_CONVERSION = YES;
				GCC_WARN_ABOUT_RETURN_TYPE = YES_ERROR;
				GCC_WARN_UNDECLARED_SELECTOR = YES;
				GCC_WARN_UNINITIALIZED_AUTOS = YES_AGGRESSIVE;
				GCC_WARN_UNUSED_FUNCTION = YES;
				GCC_WARN_UNUSED_VARIABLE = YES;
				LOCALIZATION_PREFERS_STRING_CATALOGS = YES;
				MTL_ENABLE_DEBUG_INFO = NO;
				MTL_FAST_MATH = YES;
				SDKROOT = xros;
				SWIFT_COMPILATION_MODE = wholemodule;
				VALIDATE_PRODUCT = YES;
				XROS_DEPLOYMENT_TARGET = 1.2;
			};
			name = Release;
		};
		7CEE0D202BF3E60600546D89 /* Debug */ = {
			isa = XCBuildConfiguration;
			buildSettings = {
				ASSETCATALOG_COMPILER_APPICON_NAME = AppIcon;
				ASSETCATALOG_COMPILER_GLOBAL_ACCENT_COLOR_NAME = AccentColor;
				CODE_SIGN_STYLE = Automatic;
				CURRENT_PROJECT_VERSION = 1;
				DEVELOPMENT_ASSET_PATHS = "\"my-first-app/Preview Content\"";
				DEVELOPMENT_TEAM = WU45F58YH8;
				ENABLE_PREVIEWS = YES;
				GENERATE_INFOPLIST_FILE = YES;
				INFOPLIST_FILE = "$(TARGET_NAME)/Info.plist";
				LD_RUNPATH_SEARCH_PATHS = (
					"$(inherited)",
					"@executable_path/Frameworks",
				);
				MARKETING_VERSION = 1.0;
				PRODUCT_BUNDLE_IDENTIFIER = "pyro.my-first-app";
				PRODUCT_NAME = "$(TARGET_NAME)";
				SUPPORTED_PLATFORMS = "xros xrsimulator";
				SWIFT_EMIT_LOC_STRINGS = YES;
				SWIFT_VERSION = 5.0;
				TARGETED_DEVICE_FAMILY = "1,2,7";
			};
			name = Debug;
		};
		7CEE0D212BF3E60600546D89 /* Release */ = {
			isa = XCBuildConfiguration;
			buildSettings = {
				ASSETCATALOG_COMPILER_APPICON_NAME = AppIcon;
				ASSETCATALOG_COMPILER_GLOBAL_ACCENT_COLOR_NAME = AccentColor;
				CODE_SIGN_STYLE = Automatic;
				CURRENT_PROJECT_VERSION = 1;
				DEVELOPMENT_ASSET_PATHS = "\"my-first-app/Preview Content\"";
				DEVELOPMENT_TEAM = WU45F58YH8;
				ENABLE_PREVIEWS = YES;
				GENERATE_INFOPLIST_FILE = YES;
				INFOPLIST_FILE = "$(TARGET_NAME)/Info.plist";
				LD_RUNPATH_SEARCH_PATHS = (
					"$(inherited)",
					"@executable_path/Frameworks",
				);
				MARKETING_VERSION = 1.0;
				PRODUCT_BUNDLE_IDENTIFIER = "pyro.my-first-app";
				PRODUCT_NAME = "$(TARGET_NAME)";
				SUPPORTED_PLATFORMS = "xros xrsimulator";
				SWIFT_EMIT_LOC_STRINGS = YES;
				SWIFT_VERSION = 5.0;
				TARGETED_DEVICE_FAMILY = "1,2,7";
			};
			name = Release;
		};
		7CEE0D232BF3E60600546D89 /* Debug */ = {
			isa = XCBuildConfiguration;
			buildSettings = {
				ALWAYS_EMBED_SWIFT_STANDARD_LIBRARIES = YES;
				BUNDLE_LOADER = "$(TEST_HOST)";
				CODE_SIGN_STYLE = Automatic;
				CURRENT_PROJECT_VERSION = 1;
				GENERATE_INFOPLIST_FILE = YES;
				MARKETING_VERSION = 1.0;
				PRODUCT_BUNDLE_IDENTIFIER = "pyro.my-first-appTests";
				PRODUCT_NAME = "$(TARGET_NAME)";
				SUPPORTED_PLATFORMS = "xros xrsimulator";
				SWIFT_EMIT_LOC_STRINGS = NO;
				SWIFT_VERSION = 5.0;
				TARGETED_DEVICE_FAMILY = "1,2,7";
				TEST_HOST = "$(BUILT_PRODUCTS_DIR)/my-first-app.app/$(BUNDLE_EXECUTABLE_FOLDER_PATH)/my-first-app";
				XROS_DEPLOYMENT_TARGET = 1.2;
			};
			name = Debug;
		};
		7CEE0D242BF3E60600546D89 /* Release */ = {
			isa = XCBuildConfiguration;
			buildSettings = {
				ALWAYS_EMBED_SWIFT_STANDARD_LIBRARIES = YES;
				BUNDLE_LOADER = "$(TEST_HOST)";
				CODE_SIGN_STYLE = Automatic;
				CURRENT_PROJECT_VERSION = 1;
				GENERATE_INFOPLIST_FILE = YES;
				MARKETING_VERSION = 1.0;
				PRODUCT_BUNDLE_IDENTIFIER = "pyro.my-first-appTests";
				PRODUCT_NAME = "$(TARGET_NAME)";
				SUPPORTED_PLATFORMS = "xros xrsimulator";
				SWIFT_EMIT_LOC_STRINGS = NO;
				SWIFT_VERSION = 5.0;
				TARGETED_DEVICE_FAMILY = "1,2,7";
				TEST_HOST = "$(BUILT_PRODUCTS_DIR)/my-first-app.app/$(BUNDLE_EXECUTABLE_FOLDER_PATH)/my-first-app";
				XROS_DEPLOYMENT_TARGET = 1.2;
			};
			name = Release;
		};
/* End XCBuildConfiguration section */

/* Begin XCConfigurationList section */
		7CEE0CFD2BF3E60500546D89 /* Build configuration list for PBXProject "my-first-app" */ = {
			isa = XCConfigurationList;
			buildConfigurations = (
				7CEE0D1D2BF3E60600546D89 /* Debug */,
				7CEE0D1E2BF3E60600546D89 /* Release */,
			);
			defaultConfigurationIsVisible = 0;
			defaultConfigurationName = Release;
		};
		7CEE0D1F2BF3E60600546D89 /* Build configuration list for PBXNativeTarget "my-first-app" */ = {
			isa = XCConfigurationList;
			buildConfigurations = (
				7CEE0D202BF3E60600546D89 /* Debug */,
				7CEE0D212BF3E60600546D89 /* Release */,
			);
			defaultConfigurationIsVisible = 0;
			defaultConfigurationName = Release;
		};
		7CEE0D222BF3E60600546D89 /* Build configuration list for PBXNativeTarget "my-first-appTests" */ = {
			isa = XCConfigurationList;
			buildConfigurations = (
				7CEE0D232BF3E60600546D89 /* Debug */,
				7CEE0D242BF3E60600546D89 /* Release */,
			);
			defaultConfigurationIsVisible = 0;
			defaultConfigurationName = Release;
		};
/* End XCConfigurationList section */

/* Begin XCSwiftPackageProductDependency section */
		7CEE0D072BF3E60500546D89 /* RealityKitContent */ = {
			isa = XCSwiftPackageProductDependency;
			productName = RealityKitContent;
		};
/* End XCSwiftPackageProductDependency section */
	};
	rootObject = 7CEE0CFA2BF3E60500546D89 /* Project object */;
}
